// !$*UTF8*$!
{
	archiveVersion = 1;
	classes = {
	};
	objectVersion = 46;
	objects = {

/* Begin PBXBuildFile section */
		FB15B42A1D58FE2C00F71A75 /* AppDelegate.swift in Sources */ = {isa = PBXBuildFile; fileRef = FB15B4291D58FE2C00F71A75 /* AppDelegate.swift */; };
		FB15B42C1D58FE2C00F71A75 /* ViewController.swift in Sources */ = {isa = PBXBuildFile; fileRef = FB15B42B1D58FE2C00F71A75 /* ViewController.swift */; };
		FB15B42F1D58FE2C00F71A75 /* Main.storyboard in Resources */ = {isa = PBXBuildFile; fileRef = FB15B42D1D58FE2C00F71A75 /* Main.storyboard */; };
		FB15B4311D58FE2C00F71A75 /* Assets.xcassets in Resources */ = {isa = PBXBuildFile; fileRef = FB15B4301D58FE2C00F71A75 /* Assets.xcassets */; };
		FB15B4341D58FE2C00F71A75 /* LaunchScreen.storyboard in Resources */ = {isa = PBXBuildFile; fileRef = FB15B4321D58FE2C00F71A75 /* LaunchScreen.storyboard */; };
/* End PBXBuildFile section */

/* Begin PBXFileReference section */
		FB15B4261D58FE2C00F71A75 /* helloWorld.app */ = {isa = PBXFileReference; explicitFileType = wrapper.application; includeInIndex = 0; path = helloWorld.app; sourceTree = BUILT_PRODUCTS_DIR; };
		FB15B4291D58FE2C00F71A75 /* AppDelegate.swift */ = {isa = PBXFileReference; lastKnownFileType = sourcecode.swift; path = AppDelegate.swift; sourceTree = "<group>"; };
		FB15B42B1D58FE2C00F71A75 /* ViewController.swift */ = {isa = PBXFileReference; lastKnownFileType = sourcecode.swift; path = ViewController.swift; sourceTree = "<group>"; };
		FB15B42E1D58FE2C00F71A75 /* Base */ = {isa = PBXFileReference; lastKnownFileType = file.storyboard; name = Base; path = Base.lproj/Main.storyboard; sourceTree = "<group>"; };
		FB15B4301D58FE2C00F71A75 /* Assets.xcassets */ = {isa = PBXFileReference; lastKnownFileType = folder.assetcatalog; path = Assets.xcassets; sourceTree = "<group>"; };
		FB15B4331D58FE2C00F71A75 /* Base */ = {isa = PBXFileReference; lastKnownFileType = file.storyboard; name = Base; path = Base.lproj/LaunchScreen.storyboard; sourceTree = "<group>"; };
		FB15B4351D58FE2C00F71A75 /* Info.plist */ = {isa = PBXFileReference; lastKnownFileType = text.plist.xml; path = Info.plist; sourceTree = "<group>"; };
/* End PBXFileReference section */

/* Begin PBXFrameworksBuildPhase section */
		FB15B4231D58FE2C00F71A75 /* Frameworks */ = {
			isa = PBXFrameworksBuildPhase;
			buildActionMask = 2147483647;
			files = (
			);
			runOnlyForDeploymentPostprocessing = 0;
		};
/* End PBXFrameworksBuildPhase section */

/* Begin PBXGroup section */
		FB15B41D1D58FE2C00F71A75 = {
			isa = PBXGroup;
			children = (
				FB15B4281D58FE2C00F71A75 /* helloWorld */,
				FB15B4271D58FE2C00F71A75 /* Products */,
			);
			sourceTree = "<group>";
		};
		FB15B4271D58FE2C00F71A75 /* Products */ = {
			isa = PBXGroup;
			children = (
				FB15B4261D58FE2C00F71A75 /* helloWorld.app */,
			);
			name = Products;
			sourceTree = "<group>";
		};
		FB15B4281D58FE2C00F71A75 /* helloWorld */ = {
			isa = PBXGroup;
			children = (
				FB15B4291D58FE2C00F71A75 /* AppDelegate.swift */,
				FB15B42B1D58FE2C00F71A75 /* ViewController.swift */,
				FB15B42D1D58FE2C00F71A75 /* Main.storyboard */,
				FB15B4301D58FE2C00F71A75 /* Assets.xcassets */,
				FB15B4321D58FE2C00F71A75 /* LaunchScreen.storyboard */,
				FB15B4351D58FE2C00F71A75 /* Info.plist */,
			);
			path = helloWorld;
			sourceTree = "<group>";
		};
/* End PBXGroup section */

/* Begin PBXNativeTarget section */
		FB15B4251D58FE2C00F71A75 /* helloWorld */ = {
			isa = PBXNativeTarget;
			buildConfigurationList = FB15B4381D58FE2C00F71A75 /* Build configuration list for PBXNativeTarget "helloWorld" */;
			buildPhases = (
				FB15B4221D58FE2C00F71A75 /* Sources */,
				FB15B4231D58FE2C00F71A75 /* Frameworks */,
				FB15B4241D58FE2C00F71A75 /* Resources */,
			);
			buildRules = (
			);
			dependencies = (
			);
			name = helloWorld;
			productName = helloWorld;
			productReference = FB15B4261D58FE2C00F71A75 /* helloWorld.app */;
			productType = "com.apple.product-type.application";
		};
/* End PBXNativeTarget section */

/* Begin PBXProject section */
		FB15B41E1D58FE2C00F71A75 /* Project object */ = {
			isa = PBXProject;
			attributes = {
				LastSwiftUpdateCheck = 0730;
				LastUpgradeCheck = 0730;
				ORGANIZATIONNAME = alumno;
				TargetAttributes = {
					FB15B4251D58FE2C00F71A75 = {
						CreatedOnToolsVersion = 7.3.1;
					};
				};
			};
			buildConfigurationList = FB15B4211D58FE2C00F71A75 /* Build configuration list for PBXProject "helloWorld" */;
			compatibilityVersion = "Xcode 3.2";
			developmentRegion = English;
			hasScannedForEncodings = 0;
			knownRegions = (
				en,
				Base,
			);
			mainGroup = FB15B41D1D58FE2C00F71A75;
			productRefGroup = FB15B4271D58FE2C00F71A75 /* Products */;
			projectDirPath = "";
			projectRoot = "";
			targets = (
				FB15B4251D58FE2C00F71A75 /* helloWorld */,
			);
		};
/* End PBXProject section */

/* Begin PBXResourcesBuildPhase section */
		FB15B4241D58FE2C00F71A75 /* Resources */ = {
			isa = PBXResourcesBuildPhase;
			buildActionMask = 2147483647;
			files = (
				FB15B4341D58FE2C00F71A75 /* LaunchScreen.storyboard in Resources */,
				FB15B4311D58FE2C00F71A75 /* Assets.xcassets in Resources */,
				FB15B42F1D58FE2C00F71A75 /* Main.storyboard in Resources */,
			);
			runOnlyForDeploymentPostprocessing = 0;
		};
/* End PBXResourcesBuildPhase section */

/* Begin PBXSourcesBuildPhase section */
		FB15B4221D58FE2C00F71A75 /* Sources */ = {
			isa = PBXSourcesBuildPhase;
			buildActionMask = 2147483647;
			files = (
				FB15B42C1D58FE2C00F71A75 /* ViewController.swift in Sources */,
				FB15B42A1D58FE2C00F71A75 /* AppDelegate.swift in Sources */,
			);
			runOnlyForDeploymentPostprocessing = 0;
		};
/* End PBXSourcesBuildPhase section */

/* Begin PBXVariantGroup section */
		FB15B42D1D58FE2C00F71A75 /* Main.storyboard */ = {
			isa = PBXVariantGroup;
			children = (
				FB15B42E1D58FE2C00F71A75 /* Base */,
			);
			name = Main.storyboard;
			sourceTree = "<group>";
		};
		FB15B4321D58FE2C00F71A75 /* LaunchScreen.storyboard */ = {
			isa = PBXVariantGroup;
			children = (
				FB15B4331D58FE2C00F71A75 /* Base */,
			);
			name = LaunchScreen.storyboard;
			sourceTree = "<group>";
		};
/* End PBXVariantGroup section */

/* Begin XCBuildConfiguration section */
		FB15B4361D58FE2C00F71A75 /* Debug */ = {
			isa = XCBuildConfiguration;
			buildSettings = {
				ALWAYS_SEARCH_USER_PATHS = NO;
				CLANG_ANALYZER_NONNULL = YES;
				CLANG_CXX_LANGUAGE_STANDARD = "gnu++0x";
				CLANG_CXX_LIBRARY = "libc++";
				CLANG_ENABLE_MODULES = YES;
				CLANG_ENABLE_OBJC_ARC = YES;
				CLANG_WARN_BOOL_CONVERSION = YES;
				CLANG_WARN_CONSTANT_CONVERSION = YES;
				CLANG_WARN_DIRECT_OBJC_ISA_USAGE = YES_ERROR;
				CLANG_WARN_EMPTY_BODY = YES;
				CLANG_WARN_ENUM_CONVERSION = YES;
				CLANG_WARN_INT_CONVERSION = YES;
				CLANG_WARN_OBJC_ROOT_CLASS = YES_ERROR;
				CLANG_WARN_UNREACHABLE_CODE = YES;
				CLANG_WARN__DUPLICATE_METHOD_MATCH = YES;
				"CODE_SIGN_IDENTITY[sdk=iphoneos*]" = "iPhone Developer";
				COPY_PHASE_STRIP = NO;
				DEBUG_INFORMATION_FORMAT = dwarf;
				ENABLE_STRICT_OBJC_MSGSEND = YES;
				ENABLE_TESTABILITY = YES;
				GCC_C_LANGUAGE_STANDARD = gnu99;
				GCC_DYNAMIC_NO_PIC = NO;
				GCC_NO_COMMON_BLOCKS = YES;
				GCC_OPTIMIZATION_LEVEL = 0;
				GCC_PREPROCESSOR_DEFINITIONS = (
					"DEBUG=1",
					"$(inherited)",
				);
				GCC_WARN_64_TO_32_BIT_CONVERSION = YES;
				GCC_WARN_ABOUT_RETURN_TYPE = YES_ERROR;
				GCC_WARN_UNDECLARED_SELECTOR = YES;
				GCC_WARN_UNINITIALIZED_AUTOS = YES_AGGRESSIVE;
				GCC_WARN_UNUSED_FUNCTION = YES;
				GCC_WARN_UNUSED_VARIABLE = YES;
				IPHONEOS_DEPLOYMENT_TARGET = 9.3;
				MTL_ENABLE_DEBUG_INFO = YES;
				ONLY_ACTIVE_ARCH = YES;
				SDKROOT = iphoneos;
				SWIFT_OPTIMIZATION_LEVEL = "-Onone";
			};
			name = Debug;
		};
		FB15B4371D58FE2C00F71A75 /* Release */ = {
			isa = XCBuildConfiguration;
			buildSettings = {
				ALWAYS_SEARCH_USER_PATHS = NO;
				CLANG_ANALYZER_NONNULL = YES;
				CLANG_CXX_LANGUAGE_STANDARD = "gnu++0x";
				CLANG_CXX_LIBRARY = "libc++";
				CLANG_ENABLE_MODULES = YES;
				CLANG_ENABLE_OBJC_ARC = YES;
				CLANG_WARN_BOOL_CONVERSION = YES;
				CLANG_WARN_CONSTANT_CONVERSION = YES;
				CLANG_WARN_DIRECT_OBJC_ISA_USAGE = YES_ERROR;
				CLANG_WARN_EMPTY_BODY = YES;
				CLANG_WARN_ENUM_CONVERSION = YES;
				CLANG_WARN_INT_CONVERSION = YES;
				CLANG_WARN_OBJC_ROOT_CLASS = YES_ERROR;
				CLANG_WARN_UNREACHABLE_CODE = YES;
				CLANG_WARN__DUPLICATE_METHOD_MATCH = YES;
				"CODE_SIGN_IDENTITY[sdk=iphoneos*]" = "iPhone Developer";
				COPY_PHASE_STRIP = NO;
				DEBUG_INFORMATION_FORMAT = "dwarf-with-dsym";
				ENABLE_NS_ASSERTIONS = NO;
				ENABLE_STRICT_OBJC_MSGSEND = YES;
				GCC_C_LANGUAGE_STANDARD = gnu99;
				GCC_NO_COMMON_BLOCKS = YES;
				GCC_WARN_64_TO_32_BIT_CONVERSION = YES;
				GCC_WARN_ABOUT_RETURN_TYPE = YES_ERROR;
				GCC_WARN_UNDECLARED_SELECTOR = YES;
				GCC_WARN_UNINITIALIZED_AUTOS = YES_AGGRESSIVE;
				GCC_WARN_UNUSED_FUNCTION = YES;
				GCC_WARN_UNUSED_VARIABLE = YES;
				IPHONEOS_DEPLOYMENT_TARGET = 9.3;
				MTL_ENABLE_DEBUG_INFO = NO;
				SDKROOT = iphoneos;
				VALIDATE_PRODUCT = YES;
			};
			name = Release;
		};
		FB15B4391D58FE2C00F71A75 /* Debug */ = {
			isa = XCBuildConfiguration;
			buildSettings = {
				ASSETCATALOG_COMPILER_APPICON_NAME = AppIcon;
				INFOPLIST_FILE = helloWorld/Info.plist;
				LD_RUNPATH_SEARCH_PATHS = "$(inherited) @executable_path/Frameworks";
				PRODUCT_BUNDLE_IDENTIFIER = alumno.demo.helloWorld;
				PRODUCT_NAME = "$(TARGET_NAME)";
			};
			name = Debug;
		};
		FB15B43A1D58FE2C00F71A75 /* Release */ = {
			isa = XCBuildConfiguration;
			buildSettings = {
				ASSETCATALOG_COMPILER_APPICON_NAME = AppIcon;
				INFOPLIST_FILE = helloWorld/Info.plist;
				LD_RUNPATH_SEARCH_PATHS = "$(inherited) @executable_path/Frameworks";
				PRODUCT_BUNDLE_IDENTIFIER = alumno.demo.helloWorld;
				PRODUCT_NAME = "$(TARGET_NAME)";
			};
			name = Release;
		};
/* End XCBuildConfiguration section */

/* Begin XCConfigurationList section */
		FB15B4211D58FE2C00F71A75 /* Build configuration list for PBXProject "helloWorld" */ = {
			isa = XCConfigurationList;
			buildConfigurations = (
				FB15B4361D58FE2C00F71A75 /* Debug */,
				FB15B4371D58FE2C00F71A75 /* Release */,
			);
			defaultConfigurationIsVisible = 0;
			defaultConfigurationName = Release;
		};
		FB15B4381D58FE2C00F71A75 /* Build configuration list for PBXNativeTarget "helloWorld" */ = {
			isa = XCConfigurationList;
			buildConfigurations = (
				FB15B4391D58FE2C00F71A75 /* Debug */,
				FB15B43A1D58FE2C00F71A75 /* Release */,
			);
			defaultConfigurationIsVisible = 0;
		};
/* End XCConfigurationList section */
	};
	rootObject = FB15B41E1D58FE2C00F71A75 /* Project object */;
}
